
Microsoft Visual Studio Solution File, Format Version 12.00
# Visual Studio Version 17
VisualStudioVersion = 17.1.32328.378
MinimumVisualStudioVersion = 10.0.40219.1
Project("{FAE04EC0-301F-11D3-BF4B-00C04F79EFBC}") = "CollectionFramework-Assignment-5", "CollectionFramework-Assignment-5\CollectionFramework-Assignment-5.csproj", "{843D53B8-643D-4DF0-A71D-EA33E126E967}"
EndProject
Global
	GlobalSection(SolutionConfigurationPlatforms) = preSolution
		Debug|Any CPU = Debug|Any CPU
		Release|Any CPU = Release|Any CPU
	EndGlobalSection
	GlobalSection(ProjectConfigurationPlatforms) = postSolution
		{843D53B8-643D-4DF0-A71D-EA33E126E967}.Debug|Any CPU.ActiveCfg = Debug|Any CPU
		{843D53B8-643D-4DF0-A71D-EA33E126E967}.Debug|Any CPU.Build.0 = Debug|Any CPU
		{843D53B8-643D-4DF0-A71D-EA33E126E967}.Release|Any CPU.ActiveCfg = Release|Any CPU
		{843D53B8-643D-4DF0-A71D-EA33E126E967}.Release|Any CPU.Build.0 = Release|Any CPU
	EndGlobalSection
	GlobalSection(SolutionProperties) = preSolution
		HideSolutionNode = FALSE
	EndGlobalSection
	GlobalSection(ExtensibilityGlobals) = postSolution
		SolutionGuid = {63EFBDC7-DDC9-4675-9702-1AE938826195}
	EndGlobalSection
EndGlobal
