
Microsoft Visual Studio Solution File, Format Version 12.00
# Visual Studio Version 17
VisualStudioVersion = 17.1.32328.378
MinimumVisualStudioVersion = 10.0.40219.1
Project("{FAE04EC0-301F-11D3-BF4B-00C04F79EFBC}") = "Assignment 7", "Assignment 7\Assignment 7.csproj", "{9C394B21-7CE5-4346-A61D-50C845A8E47F}"
EndProject
Global
	GlobalSection(SolutionConfigurationPlatforms) = preSolution
		Debug|Any CPU = Debug|Any CPU
		Release|Any CPU = Release|Any CPU
	EndGlobalSection
	GlobalSection(ProjectConfigurationPlatforms) = postSolution
		{9C394B21-7CE5-4346-A61D-50C845A8E47F}.Debug|Any CPU.ActiveCfg = Debug|Any CPU
		{9C394B21-7CE5-4346-A61D-50C845A8E47F}.Debug|Any CPU.Build.0 = Debug|Any CPU
		{9C394B21-7CE5-4346-A61D-50C845A8E47F}.Release|Any CPU.ActiveCfg = Release|Any CPU
		{9C394B21-7CE5-4346-A61D-50C845A8E47F}.Release|Any CPU.Build.0 = Release|Any CPU
	EndGlobalSection
	GlobalSection(SolutionProperties) = preSolution
		HideSolutionNode = FALSE
	EndGlobalSection
	GlobalSection(ExtensibilityGlobals) = postSolution
		SolutionGuid = {1A8110B5-4E90-4FDD-8ED2-4F1C1EE373B6}
	EndGlobalSection
EndGlobal
